
Microsoft Visual Studio Solution File, Format Version 12.00
# Visual Studio Version 16
VisualStudioVersion = 16.0.31515.178
MinimumVisualStudioVersion = 10.0.40219.1
Project("{FAE04EC0-301F-11D3-BF4B-00C04F79EFBC}") = "KubernetesDockerDeployAPIProject", "KubernetesDockerDeployAPIProject\KubernetesDockerDeployAPIProject.csproj", "{0D653C4D-E084-4324-8E46-103818ED62D4}"
EndProject
Global
	GlobalSection(SolutionConfigurationPlatforms) = preSolution
		Debug|Any CPU = Debug|Any CPU
		Release|Any CPU = Release|Any CPU
	EndGlobalSection
	GlobalSection(ProjectConfigurationPlatforms) = postSolution
		{0D653C4D-E084-4324-8E46-103818ED62D4}.Debug|Any CPU.ActiveCfg = Debug|Any CPU
		{0D653C4D-E084-4324-8E46-103818ED62D4}.Debug|Any CPU.Build.0 = Debug|Any CPU
		{0D653C4D-E084-4324-8E46-103818ED62D4}.Release|Any CPU.ActiveCfg = Release|Any CPU
		{0D653C4D-E084-4324-8E46-103818ED62D4}.Release|Any CPU.Build.0 = Release|Any CPU
	EndGlobalSection
	GlobalSection(SolutionProperties) = preSolution
		HideSolutionNode = FALSE
	EndGlobalSection
	GlobalSection(ExtensibilityGlobals) = postSolution
		SolutionGuid = {8A68AF38-52CC-4A65-B869-85D8667EF787}
	EndGlobalSection
EndGlobal
